PODS:
  - Mixpanel-swift (5.1.3):
    - Mixpanel-swift/Complete (= 5.1.3)
  - Mixpanel-swift/Complete (5.1.3)
  - RevenueCat (5.51.0)
  - RevenueCatUI (5.51.0):
    - RevenueCat (= 5.51.0)

DEPENDENCIES:
  - Mixpanel-swift
  - RevenueCat
  - RevenueCatUI

SPEC REPOS:
  trunk:
    - Mixpanel-swift
    - RevenueCat
    - RevenueCatUI

SPEC CHECKSUMS:
  Mixpanel-swift: 630484a1b61cb90820aa34492798d542d9f1d0f1
  RevenueCat: 953aafaf05ba897bfb945237de02f452d3c24a07
  RevenueCatUI: c34a49f43d5533aad24f544c351e313e9b6810c7

PODFILE CHECKSUM: 3b1e3d3c220d0643611d9cdd460b9abf64b47582

COCOAPODS: 1.16.2
