// !$*UTF8*$!
{
	archiveVersion = 1;
	classes = {
	};
	objectVersion = 56;
	objects = {

/* Begin PBXBuildFile section */
		03D722F28240E508857A4B15 /* Pods_CubeSceneTests.framework in Frameworks */ = {isa = PBXBuildFile; fileRef = FC9583311015BB06733CC96D /* Pods_CubeSceneTests.framework */; };
		1E2F66FD96086575404A29FC /* Pods_CubeScene.framework in Frameworks */ = {isa = PBXBuildFile; fileRef = 23C86B6BC95EA5C238398272 /* Pods_CubeScene.framework */; };
		5934F66B2A65038B00AED0E9 /* ScenekitSingleView.swift in Sources */ = {isa = PBXBuildFile; fileRef = 5934F66A2A65038B00AED0E9 /* ScenekitSingleView.swift */; };
		5971BA8C2A50547800CD6111 /* ArrayTool3D.swift in Sources */ = {isa = PBXBuildFile; fileRef = 5971BA8B2A50547800CD6111 /* ArrayTool3D.swift */; };
		59CFCD432A6281F700E38F38 /* UserData.swift in Sources */ = {isa = PBXBuildFile; fileRef = 59CFCD422A6281F700E38F38 /* UserData.swift */; };
		5B64399C2B8B158700D2C67B /* Cube@3x.png in Resources */ = {isa = PBXBuildFile; fileRef = 5B64399A2B8B158700D2C67B /* Cube@3x.png */; };
		5B64399D2B8B158700D2C67B /* Cube@2x.png in Resources */ = {isa = PBXBuildFile; fileRef = 5B64399B2B8B158700D2C67B /* Cube@2x.png */; };
		5B6948C52BE3105A00FD4ED8 /* PrivacyInfo.xcprivacy in Resources */ = {isa = PBXBuildFile; fileRef = 5B6948C42BE3105A00FD4ED8 /* PrivacyInfo.xcprivacy */; };
		5B6FE7622B2D42E30035DD0F /* cube2.scn in Resources */ = {isa = PBXBuildFile; fileRef = 5B6FE7612B2D42E30035DD0F /* cube2.scn */; };
		5B7C065B2B2FEA570040942C /* ToolsFunc.swift in Sources */ = {isa = PBXBuildFile; fileRef = 5B7C065A2B2FEA570040942C /* ToolsFunc.swift */; };
		5B86AD372B86427300F6A442 /* StoreKit.framework in Frameworks */ = {isa = PBXBuildFile; fileRef = 5B86AD362B86427300F6A442 /* StoreKit.framework */; };
		5B99C3C92B302332003E37B5 /* Origin.swift in Sources */ = {isa = PBXBuildFile; fileRef = 5B99C3C82B302332003E37B5 /* Origin.swift */; };
		5B99C3D52B302F5A003E37B5 /* Dictionary+Extensions.swift in Sources */ = {isa = PBXBuildFile; fileRef = 5B99C3D22B302F5A003E37B5 /* Dictionary+Extensions.swift */; };
		5BB65C482B2D705F00E97777 /* solutionsMaped6.json in Resources */ = {isa = PBXBuildFile; fileRef = 5BB65C472B2D705F00E97777 /* solutionsMaped6.json */; };
		5BCBDB7F2B30499A004DDFD2 /* NodeTechnique.plist in Resources */ = {isa = PBXBuildFile; fileRef = 5BCBDB7D2B30499A004DDFD2 /* NodeTechnique.plist */; };
		5BCBDB812B30499A004DDFD2 /* NodeRender.metal in Sources */ = {isa = PBXBuildFile; fileRef = 5BCBDB7E2B30499A004DDFD2 /* NodeRender.metal */; };
		5BCBEA412B6007B400DC03D5 /* 索玛立方体.storekit in Resources */ = {isa = PBXBuildFile; fileRef = 5BCBEA402B6007B400DC03D5 /* 索玛立方体.storekit */; };
		5BCBEA432B600AB700DC03D5 /* StoreKitTestCertificate.cer in Resources */ = {isa = PBXBuildFile; fileRef = 5BCBEA422B600AB700DC03D5 /* StoreKitTestCertificate.cer */; };
		5BCBEA492B6150BC00DC03D5 /* AppDelegate.swift in Sources */ = {isa = PBXBuildFile; fileRef = 5BCBEA482B6150BC00DC03D5 /* AppDelegate.swift */; };
		5BFFACBE2B7B570700266836 /* SomaT.xcassets in Resources */ = {isa = PBXBuildFile; fileRef = 5BFFACBD2B7B570700266836 /* SomaT.xcassets */; };
		9D04123C2A516AD30083741B /* EnterListView.swift in Sources */ = {isa = PBXBuildFile; fileRef = 9D04123B2A516AD30083741B /* EnterListView.swift */; };
		9D04123E2A516F050083741B /* SingleContentView.swift in Sources */ = {isa = PBXBuildFile; fileRef = 9D04123D2A516F050083741B /* SingleContentView.swift */; };
		9D0412432A52881A0083741B /* SettingView.swift in Sources */ = {isa = PBXBuildFile; fileRef = 9D0412412A52881A0083741B /* SettingView.swift */; };
		9D1602BA2A4BDBF100C247A7 /* LaunchScreen.storyboard in Resources */ = {isa = PBXBuildFile; fileRef = 9D1602B92A4BDBF100C247A7 /* LaunchScreen.storyboard */; };
		9D46D7252AF12F57002DE821 /* SingleContentView2.swift in Sources */ = {isa = PBXBuildFile; fileRef = 9D46D7232AF12F57002DE821 /* SingleContentView2.swift */; };
		9D46D7272AF12F57002DE821 /* ScenekitSingleView2.swift in Sources */ = {isa = PBXBuildFile; fileRef = 9D46D7242AF12F57002DE821 /* ScenekitSingleView2.swift */; };
		9D6DC3E52AA168460068C807 /* SOMAY101.txt in Resources */ = {isa = PBXBuildFile; fileRef = 9D6DC3E42AA168460068C807 /* SOMAY101.txt */; settings = {ASSET_TAGS = (yourResourceTag, ); }; };
		9D7D34BD2AF7A86D009291BC /* CubeSceneTests.swift in Sources */ = {isa = PBXBuildFile; fileRef = 9D7D34BC2AF7A86D009291BC /* CubeSceneTests.swift */; };
		9D7D34C42AF7A88C009291BC /* PointInfo.swift in Sources */ = {isa = PBXBuildFile; fileRef = 9D7D34C32AF7A88C009291BC /* PointInfo.swift */; };
		9D7D34C52AF7A8D4009291BC /* PointInfo.swift in Sources */ = {isa = PBXBuildFile; fileRef = 9D7D34C32AF7A88C009291BC /* PointInfo.swift */; };
		9D7D34C82AF7C3D4009291BC /* TestEnter.swift in Sources */ = {isa = PBXBuildFile; fileRef = 9D7D34C72AF7C3D4009291BC /* TestEnter.swift */; };
		9D7E411D2AA2356A00863C43 /* SOMAX101.txt in Resources */ = {isa = PBXBuildFile; fileRef = 9D7E411B2AA2356A00863C43 /* SOMAX101.txt */; settings = {ASSET_TAGS = (yourResourceTag, ); }; };
		9D7E411F2AA2356A00863C43 /* SOMAW101.txt in Resources */ = {isa = PBXBuildFile; fileRef = 9D7E411C2AA2356A00863C43 /* SOMAW101.txt */; settings = {ASSET_TAGS = (yourResourceTag, ); }; };
		9D890F9C2AD8EF3600E1EF0C /* SOMAC4A101.txt in Resources */ = {isa = PBXBuildFile; fileRef = 9D890F9B2AD8EF3600E1EF0C /* SOMAC4A101.txt */; settings = {ASSET_TAGS = (yourResourceTag, ); }; };
		9D89A1AF2AE37C0B008C6707 /* Persistence.swift in Sources */ = {isa = PBXBuildFile; fileRef = 9D89A1AE2AE37C0B008C6707 /* Persistence.swift */; };
		9D89A1B72AE37C19008C6707 /* ChaiZiView.swift in Sources */ = {isa = PBXBuildFile; fileRef = 9D89A1B12AE37C18008C6707 /* ChaiZiView.swift */; };
		9D89A1B92AE37C19008C6707 /* chaizi-ft.txt in Resources */ = {isa = PBXBuildFile; fileRef = 9D89A1B22AE37C18008C6707 /* chaizi-ft.txt */; };
		9D89A1BB2AE37C19008C6707 /* chaizi-gbk.txt in Resources */ = {isa = PBXBuildFile; fileRef = 9D89A1B32AE37C18008C6707 /* chaizi-gbk.txt */; };
		9D89A1BD2AE37C19008C6707 /* CoreDataTest.xcdatamodeld in Sources */ = {isa = PBXBuildFile; fileRef = 9D89A1B42AE37C19008C6707 /* CoreDataTest.xcdatamodeld */; };
		9D89A1BF2AE37C19008C6707 /* chaizi-jt.txt in Resources */ = {isa = PBXBuildFile; fileRef = 9D89A1B62AE37C19008C6707 /* chaizi-jt.txt */; };
		9D9448812AB43E0E0005FD11 /* SOMAC3A101.txt in Resources */ = {isa = PBXBuildFile; fileRef = 9D9448802AB43E0E0005FD11 /* SOMAC3A101.txt */; settings = {ASSET_TAGS = (yourResourceTag, ); }; };
		9DA001872AD6390100FDACFE /* SOMAC3C101.txt in Resources */ = {isa = PBXBuildFile; fileRef = 9DA001852AD6390100FDACFE /* SOMAC3C101.txt */; settings = {ASSET_TAGS = (yourResourceTag, ); }; };
		9DA001892AD6390100FDACFE /* SOMAC3D101.txt in Resources */ = {isa = PBXBuildFile; fileRef = 9DA001862AD6390100FDACFE /* SOMAC3D101.txt */; settings = {ASSET_TAGS = (yourResourceTag, ); }; };
		9DB0AAB52AC1DEAB0093A611 /* SOMAC3B101.txt in Resources */ = {isa = PBXBuildFile; fileRef = 9DB0AAB42AC1DEAB0093A611 /* SOMAC3B101.txt */; settings = {ASSET_TAGS = (yourResourceTag, ); }; };
		9DBE04F02A56ECB70055AE14 /* ConfigView.swift in Sources */ = {isa = PBXBuildFile; fileRef = 9DBE04EF2A56ECB70055AE14 /* ConfigView.swift */; };
		9DBE04F32A57D6560055AE14 /* InfoPlist.strings in Resources */ = {isa = PBXBuildFile; fileRef = 9DBE04F52A57D6560055AE14 /* InfoPlist.strings */; };
		9DBE04F92A57D7BC0055AE14 /* Localizable.strings in Resources */ = {isa = PBXBuildFile; fileRef = 9DBE04FB2A57D7BC0055AE14 /* Localizable.strings */; };
		9DDEC0C62A614716001A0046 /* EnterListView240.swift in Sources */ = {isa = PBXBuildFile; fileRef = 9DDEC0C52A614716001A0046 /* EnterListView240.swift */; };
		9DDEC0CB2A614D47001A0046 /* solutionsMaped.json in Resources */ = {isa = PBXBuildFile; fileRef = 9DDEC0CA2A614D47001A0046 /* solutionsMaped.json */; };
		9DDEC0CF2A61753A001A0046 /* SOMA108.txt in Resources */ = {isa = PBXBuildFile; fileRef = 9DDEC0CE2A61753A001A0046 /* SOMA108.txt */; };
		9DDEC0D22A6178DF001A0046 /* SOMAT101.txt in Resources */ = {isa = PBXBuildFile; fileRef = 9DDEC0D12A6178DF001A0046 /* SOMAT101.txt */; };
		9DF9206D2A404BBC001BD720 /* CubeSceneApp.swift in Sources */ = {isa = PBXBuildFile; fileRef = 9DF9206C2A404BBC001BD720 /* CubeSceneApp.swift */; };
		9DF920712A404BBF001BD720 /* Assets.xcassets in Resources */ = {isa = PBXBuildFile; fileRef = 9DF920702A404BBF001BD720 /* Assets.xcassets */; };
		9DF920742A404BBF001BD720 /* Preview Assets.xcassets in Resources */ = {isa = PBXBuildFile; fileRef = 9DF920732A404BBF001BD720 /* Preview Assets.xcassets */; };
		9DF9380D2A417BA4001BD720 /* data1.txt in Resources */ = {isa = PBXBuildFile; fileRef = 9DF9380A2A417BA4001BD720 /* data1.txt */; };
		9DF9380F2A417BA4001BD720 /* data2.txt in Resources */ = {isa = PBXBuildFile; fileRef = 9DF9380C2A417BA4001BD720 /* data2.txt */; };
		9DF938112A417BAD001BD720 /* data3.txt in Resources */ = {isa = PBXBuildFile; fileRef = 9DF938102A417BAD001BD720 /* data3.txt */; };
/* End PBXBuildFile section */

/* Begin PBXContainerItemProxy section */
		9D7D34BE2AF7A86D009291BC /* PBXContainerItemProxy */ = {
			isa = PBXContainerItemProxy;
			containerPortal = 9DF920612A404BBC001BD720 /* Project object */;
			proxyType = 1;
			remoteGlobalIDString = 9DF920682A404BBC001BD720;
			remoteInfo = CubeScene;
		};
/* End PBXContainerItemProxy section */

/* Begin PBXCopyFilesBuildPhase section */
		9D2D85982A6026F300B11A7D /* Embed App Clips */ = {
			isa = PBXCopyFilesBuildPhase;
			buildActionMask = 2147483647;
			dstPath = "$(CONTENTS_FOLDER_PATH)/AppClips";
			dstSubfolderSpec = 16;
			files = (
			);
			name = "Embed App Clips";
			runOnlyForDeploymentPostprocessing = 0;
		};
/* End PBXCopyFilesBuildPhase section */

/* Begin PBXFileReference section */
		05785C6402CF108547F932A1 /* Pods-CubeScene.debug.xcconfig */ = {isa = PBXFileReference; includeInIndex = 1; lastKnownFileType = text.xcconfig; name = "Pods-CubeScene.debug.xcconfig"; path = "Target Support Files/Pods-CubeScene/Pods-CubeScene.debug.xcconfig"; sourceTree = "<group>"; };
		1FA0E148F4F5D3351EB98892 /* Pods-CubeSceneTests.release.xcconfig */ = {isa = PBXFileReference; includeInIndex = 1; lastKnownFileType = text.xcconfig; name = "Pods-CubeSceneTests.release.xcconfig"; path = "Target Support Files/Pods-CubeSceneTests/Pods-CubeSceneTests.release.xcconfig"; sourceTree = "<group>"; };
		23C86B6BC95EA5C238398272 /* Pods_CubeScene.framework */ = {isa = PBXFileReference; explicitFileType = wrapper.framework; includeInIndex = 0; path = Pods_CubeScene.framework; sourceTree = BUILT_PRODUCTS_DIR; };
		3415561A7E465D4890A2783D /* Pods-CubeSceneTests.debug.xcconfig */ = {isa = PBXFileReference; includeInIndex = 1; lastKnownFileType = text.xcconfig; name = "Pods-CubeSceneTests.debug.xcconfig"; path = "Target Support Files/Pods-CubeSceneTests/Pods-CubeSceneTests.debug.xcconfig"; sourceTree = "<group>"; };
		5934F66A2A65038B00AED0E9 /* ScenekitSingleView.swift */ = {isa = PBXFileReference; lastKnownFileType = sourcecode.swift; path = ScenekitSingleView.swift; sourceTree = "<group>"; };
		5971BA8B2A50547800CD6111 /* ArrayTool3D.swift */ = {isa = PBXFileReference; fileEncoding = 4; lastKnownFileType = sourcecode.swift; path = ArrayTool3D.swift; sourceTree = "<group>"; };
		59CFCD422A6281F700E38F38 /* UserData.swift */ = {isa = PBXFileReference; lastKnownFileType = sourcecode.swift; path = UserData.swift; sourceTree = "<group>"; };
		5B142E7E2B6559EC00708678 /* SettingViewClip.swift */ = {isa = PBXFileReference; fileEncoding = 4; lastKnownFileType = sourcecode.swift; path = SettingViewClip.swift; sourceTree = "<group>"; };
		5B18D2412B6897A6004AAF62 /* ja */ = {isa = PBXFileReference; lastKnownFileType = text.plist.strings; name = ja; path = ja.lproj/Localizable.strings; sourceTree = "<group>"; };
		5B18D2422B6897A6004AAF62 /* ja */ = {isa = PBXFileReference; lastKnownFileType = text.plist.strings; name = ja; path = ja.lproj/InfoPlist.strings; sourceTree = "<group>"; };
		5B34E9B42B6D210100454D91 /* READMERelease.md */ = {isa = PBXFileReference; lastKnownFileType = net.daringfireball.markdown; path = READMERelease.md; sourceTree = "<group>"; };
		5B34E9B52B6D210100454D91 /* READMEDebug.md */ = {isa = PBXFileReference; lastKnownFileType = net.daringfireball.markdown; path = READMEDebug.md; sourceTree = "<group>"; };
		5B64399A2B8B158700D2C67B /* Cube@3x.png */ = {isa = PBXFileReference; lastKnownFileType = image.png; path = "Cube@3x.png"; sourceTree = "<group>"; };
		5B64399B2B8B158700D2C67B /* Cube@2x.png */ = {isa = PBXFileReference; lastKnownFileType = image.png; path = "Cube@2x.png"; sourceTree = "<group>"; };
		5B6948C42BE3105A00FD4ED8 /* PrivacyInfo.xcprivacy */ = {isa = PBXFileReference; fileEncoding = 4; lastKnownFileType = text.xml; path = PrivacyInfo.xcprivacy; sourceTree = "<group>"; };
		5B6FE7612B2D42E30035DD0F /* cube2.scn */ = {isa = PBXFileReference; lastKnownFileType = file.bplist; path = cube2.scn; sourceTree = "<group>"; };
		5B7C065A2B2FEA570040942C /* ToolsFunc.swift */ = {isa = PBXFileReference; lastKnownFileType = sourcecode.swift; path = ToolsFunc.swift; sourceTree = "<group>"; };
		5B86AD362B86427300F6A442 /* StoreKit.framework */ = {isa = PBXFileReference; lastKnownFileType = wrapper.framework; name = StoreKit.framework; path = System/Library/Frameworks/StoreKit.framework; sourceTree = SDKROOT; };
		5B99C3C82B302332003E37B5 /* Origin.swift */ = {isa = PBXFileReference; lastKnownFileType = sourcecode.swift; path = Origin.swift; sourceTree = "<group>"; };
		5B99C3D22B302F5A003E37B5 /* Dictionary+Extensions.swift */ = {isa = PBXFileReference; fileEncoding = 4; lastKnownFileType = sourcecode.swift; name = "Dictionary+Extensions.swift"; path = "extensions/Dictionary+Extensions.swift"; sourceTree = "<group>"; };
		5BB65C472B2D705F00E97777 /* solutionsMaped6.json */ = {isa = PBXFileReference; fileEncoding = 4; lastKnownFileType = text.json; path = solutionsMaped6.json; sourceTree = "<group>"; };
		5BC3F1362B726D060049ABA3 /* zh-Hant */ = {isa = PBXFileReference; lastKnownFileType = text.plist.strings; name = "zh-Hant"; path = "zh-Hant.lproj/Localizable.strings"; sourceTree = "<group>"; };
		5BC3F1372B726D060049ABA3 /* zh-Hant */ = {isa = PBXFileReference; lastKnownFileType = text.plist.strings; name = "zh-Hant"; path = "zh-Hant.lproj/InfoPlist.strings"; sourceTree = "<group>"; };
		5BC3F1382B726EC30049ABA3 /* zh-HK */ = {isa = PBXFileReference; lastKnownFileType = text.plist.strings; name = "zh-HK"; path = "zh-HK.lproj/Localizable.strings"; sourceTree = "<group>"; };
		5BC3F1392B726EC30049ABA3 /* zh-HK */ = {isa = PBXFileReference; lastKnownFileType = text.plist.strings; name = "zh-HK"; path = "zh-HK.lproj/InfoPlist.strings"; sourceTree = "<group>"; };
		5BC3F13A2B726F980049ABA3 /* de */ = {isa = PBXFileReference; lastKnownFileType = text.plist.strings; name = de; path = de.lproj/Localizable.strings; sourceTree = "<group>"; };
		5BC3F13B2B726F980049ABA3 /* de */ = {isa = PBXFileReference; lastKnownFileType = text.plist.strings; name = de; path = de.lproj/InfoPlist.strings; sourceTree = "<group>"; };
		5BCBDB7D2B30499A004DDFD2 /* NodeTechnique.plist */ = {isa = PBXFileReference; fileEncoding = 4; lastKnownFileType = text.plist.xml; path = NodeTechnique.plist; sourceTree = "<group>"; };
		5BCBDB7E2B30499A004DDFD2 /* NodeRender.metal */ = {isa = PBXFileReference; fileEncoding = 4; lastKnownFileType = sourcecode.metal; path = NodeRender.metal; sourceTree = "<group>"; };
		5BCBEA402B6007B400DC03D5 /* 索玛立方体.storekit */ = {isa = PBXFileReference; lastKnownFileType = text; path = "索玛立方体.storekit"; sourceTree = "<group>"; };
		5BCBEA422B600AB700DC03D5 /* StoreKitTestCertificate.cer */ = {isa = PBXFileReference; lastKnownFileType = file; path = StoreKitTestCertificate.cer; sourceTree = "<group>"; };
		5BCBEA442B60112E00DC03D5 /* CubeSceneAppClip.swift */ = {isa = PBXFileReference; fileEncoding = 4; lastKnownFileType = sourcecode.swift; path = CubeSceneAppClip.swift; sourceTree = "<group>"; };
		5BCBEA482B6150BC00DC03D5 /* AppDelegate.swift */ = {isa = PBXFileReference; lastKnownFileType = sourcecode.swift; path = AppDelegate.swift; sourceTree = "<group>"; };
		5BFFACBD2B7B570700266836 /* SomaT.xcassets */ = {isa = PBXFileReference; lastKnownFileType = folder.assetcatalog; path = SomaT.xcassets; sourceTree = "<group>"; };
		9D04123B2A516AD30083741B /* EnterListView.swift */ = {isa = PBXFileReference; lastKnownFileType = sourcecode.swift; path = EnterListView.swift; sourceTree = "<group>"; };
		9D04123D2A516F050083741B /* SingleContentView.swift */ = {isa = PBXFileReference; lastKnownFileType = sourcecode.swift; path = SingleContentView.swift; sourceTree = "<group>"; };
		9D0412412A52881A0083741B /* SettingView.swift */ = {isa = PBXFileReference; fileEncoding = 4; lastKnownFileType = sourcecode.swift; path = SettingView.swift; sourceTree = "<group>"; };
		9D1602B92A4BDBF100C247A7 /* LaunchScreen.storyboard */ = {isa = PBXFileReference; lastKnownFileType = file.storyboard; path = LaunchScreen.storyboard; sourceTree = "<group>"; };
		9D2D85AE2A602AE400B11A7D /* ClipApp.swift */ = {isa = PBXFileReference; lastKnownFileType = sourcecode.swift; path = ClipApp.swift; sourceTree = "<group>"; };
		9D2D85B02A602AE400B11A7D /* ContentView.swift */ = {isa = PBXFileReference; lastKnownFileType = sourcecode.swift; path = ContentView.swift; sourceTree = "<group>"; };
		9D2D85B22A602AE600B11A7D /* Assets.xcassets */ = {isa = PBXFileReference; lastKnownFileType = folder.assetcatalog; path = Assets.xcassets; sourceTree = "<group>"; };
		9D2D85B52A602AE600B11A7D /* Preview Assets.xcassets */ = {isa = PBXFileReference; lastKnownFileType = folder.assetcatalog; path = "Preview Assets.xcassets"; sourceTree = "<group>"; };
		9D2D85B72A602AE600B11A7D /* Info.plist */ = {isa = PBXFileReference; lastKnownFileType = text.plist.xml; path = Info.plist; sourceTree = "<group>"; };
		9D2D85B82A602AE600B11A7D /* Clip.entitlements */ = {isa = PBXFileReference; lastKnownFileType = text.plist.entitlements; path = Clip.entitlements; sourceTree = "<group>"; };
		9D46D7232AF12F57002DE821 /* SingleContentView2.swift */ = {isa = PBXFileReference; fileEncoding = 4; lastKnownFileType = sourcecode.swift; path = SingleContentView2.swift; sourceTree = "<group>"; };
		9D46D7242AF12F57002DE821 /* ScenekitSingleView2.swift */ = {isa = PBXFileReference; fileEncoding = 4; lastKnownFileType = sourcecode.swift; path = ScenekitSingleView2.swift; sourceTree = "<group>"; };
		9D6DC3E42AA168460068C807 /* SOMAY101.txt */ = {isa = PBXFileReference; fileEncoding = 4; lastKnownFileType = text; path = SOMAY101.txt; sourceTree = "<group>"; };
		9D7D34BA2AF7A86D009291BC /* CubeSceneTests.xctest */ = {isa = PBXFileReference; explicitFileType = wrapper.cfbundle; includeInIndex = 0; path = CubeSceneTests.xctest; sourceTree = BUILT_PRODUCTS_DIR; };
		9D7D34BC2AF7A86D009291BC /* CubeSceneTests.swift */ = {isa = PBXFileReference; lastKnownFileType = sourcecode.swift; path = CubeSceneTests.swift; sourceTree = "<group>"; };
		9D7D34C32AF7A88C009291BC /* PointInfo.swift */ = {isa = PBXFileReference; fileEncoding = 4; lastKnownFileType = sourcecode.swift; path = PointInfo.swift; sourceTree = "<group>"; };
		9D7D34C72AF7C3D4009291BC /* TestEnter.swift */ = {isa = PBXFileReference; lastKnownFileType = sourcecode.swift; path = TestEnter.swift; sourceTree = "<group>"; };
		9D7E411B2AA2356A00863C43 /* SOMAX101.txt */ = {isa = PBXFileReference; fileEncoding = 4; lastKnownFileType = text; path = SOMAX101.txt; sourceTree = "<group>"; };
		9D7E411C2AA2356A00863C43 /* SOMAW101.txt */ = {isa = PBXFileReference; fileEncoding = 4; lastKnownFileType = text; path = SOMAW101.txt; sourceTree = "<group>"; };
		9D890F9B2AD8EF3600E1EF0C /* SOMAC4A101.txt */ = {isa = PBXFileReference; fileEncoding = 4; lastKnownFileType = text; path = SOMAC4A101.txt; sourceTree = "<group>"; };
		9D89A1AE2AE37C0B008C6707 /* Persistence.swift */ = {isa = PBXFileReference; fileEncoding = 4; lastKnownFileType = sourcecode.swift; path = Persistence.swift; sourceTree = "<group>"; };
		9D89A1B12AE37C18008C6707 /* ChaiZiView.swift */ = {isa = PBXFileReference; fileEncoding = 4; lastKnownFileType = sourcecode.swift; path = ChaiZiView.swift; sourceTree = "<group>"; };
		9D89A1B22AE37C18008C6707 /* chaizi-ft.txt */ = {isa = PBXFileReference; fileEncoding = 4; lastKnownFileType = text; path = "chaizi-ft.txt"; sourceTree = "<group>"; };
		9D89A1B32AE37C18008C6707 /* chaizi-gbk.txt */ = {isa = PBXFileReference; fileEncoding = 4; lastKnownFileType = text; path = "chaizi-gbk.txt"; sourceTree = "<group>"; };
		9D89A1B52AE37C19008C6707 /* CoreDataTest.xcdatamodel */ = {isa = PBXFileReference; lastKnownFileType = wrapper.xcdatamodel; path = CoreDataTest.xcdatamodel; sourceTree = "<group>"; };
		9D89A1B62AE37C19008C6707 /* chaizi-jt.txt */ = {isa = PBXFileReference; fileEncoding = 4; lastKnownFileType = text; path = "chaizi-jt.txt"; sourceTree = "<group>"; };
		9D9448802AB43E0E0005FD11 /* SOMAC3A101.txt */ = {isa = PBXFileReference; fileEncoding = 4; lastKnownFileType = text; path = SOMAC3A101.txt; sourceTree = "<group>"; };
		9DA001852AD6390100FDACFE /* SOMAC3C101.txt */ = {isa = PBXFileReference; fileEncoding = 4; lastKnownFileType = text; path = SOMAC3C101.txt; sourceTree = "<group>"; };
		9DA001862AD6390100FDACFE /* SOMAC3D101.txt */ = {isa = PBXFileReference; fileEncoding = 4; lastKnownFileType = text; path = SOMAC3D101.txt; sourceTree = "<group>"; };
		9DB0AAB42AC1DEAB0093A611 /* SOMAC3B101.txt */ = {isa = PBXFileReference; fileEncoding = 4; lastKnownFileType = text; path = SOMAC3B101.txt; sourceTree = "<group>"; };
		9DBE04EF2A56ECB70055AE14 /* ConfigView.swift */ = {isa = PBXFileReference; lastKnownFileType = sourcecode.swift; path = ConfigView.swift; sourceTree = "<group>"; };
		9DBE04F42A57D6560055AE14 /* en */ = {isa = PBXFileReference; lastKnownFileType = text.plist.strings; name = en; path = en.lproj/InfoPlist.strings; sourceTree = "<group>"; };
		9DBE04F62A57D65A0055AE14 /* zh-Hans */ = {isa = PBXFileReference; lastKnownFileType = text.plist.strings; name = "zh-Hans"; path = "zh-Hans.lproj/InfoPlist.strings"; sourceTree = "<group>"; };
		9DBE04FA2A57D7BC0055AE14 /* en */ = {isa = PBXFileReference; lastKnownFileType = text.plist.strings; name = en; path = en.lproj/Localizable.strings; sourceTree = "<group>"; };
		9DBE04FC2A57D7C10055AE14 /* zh-Hans */ = {isa = PBXFileReference; lastKnownFileType = text.plist.strings; name = "zh-Hans"; path = "zh-Hans.lproj/Localizable.strings"; sourceTree = "<group>"; };
		9DC576A92A419BF20012E272 /* Info.plist */ = {isa = PBXFileReference; lastKnownFileType = text.plist.xml; path = Info.plist; sourceTree = "<group>"; };
		9DDEC0C52A614716001A0046 /* EnterListView240.swift */ = {isa = PBXFileReference; lastKnownFileType = sourcecode.swift; path = EnterListView240.swift; sourceTree = "<group>"; };
		9DDEC0CA2A614D47001A0046 /* solutionsMaped.json */ = {isa = PBXFileReference; fileEncoding = 4; lastKnownFileType = text.json; path = solutionsMaped.json; sourceTree = "<group>"; };
		9DDEC0CD2A615DFE001A0046 /* CubeSceneRelease.entitlements */ = {isa = PBXFileReference; lastKnownFileType = text.plist.entitlements; path = CubeSceneRelease.entitlements; sourceTree = "<group>"; };
		9DDEC0CE2A61753A001A0046 /* SOMA108.txt */ = {isa = PBXFileReference; fileEncoding = 4; lastKnownFileType = text; path = SOMA108.txt; sourceTree = "<group>"; };
		9DDEC0D12A6178DF001A0046 /* SOMAT101.txt */ = {isa = PBXFileReference; fileEncoding = 4; lastKnownFileType = text; path = SOMAT101.txt; sourceTree = "<group>"; };
		9DF920692A404BBC001BD720 /* CubeScene.app */ = {isa = PBXFileReference; explicitFileType = wrapper.application; includeInIndex = 0; path = CubeScene.app; sourceTree = BUILT_PRODUCTS_DIR; };
		9DF9206C2A404BBC001BD720 /* CubeSceneApp.swift */ = {isa = PBXFileReference; lastKnownFileType = sourcecode.swift; path = CubeSceneApp.swift; sourceTree = "<group>"; };
		9DF920702A404BBF001BD720 /* Assets.xcassets */ = {isa = PBXFileReference; lastKnownFileType = folder.assetcatalog; path = Assets.xcassets; sourceTree = "<group>"; };
		9DF920732A404BBF001BD720 /* Preview Assets.xcassets */ = {isa = PBXFileReference; lastKnownFileType = folder.assetcatalog; path = "Preview Assets.xcassets"; sourceTree = "<group>"; };
		9DF9380A2A417BA4001BD720 /* data1.txt */ = {isa = PBXFileReference; fileEncoding = 4; lastKnownFileType = text; path = data1.txt; sourceTree = "<group>"; };
		9DF9380C2A417BA4001BD720 /* data2.txt */ = {isa = PBXFileReference; fileEncoding = 4; lastKnownFileType = text; path = data2.txt; sourceTree = "<group>"; };
		9DF938102A417BAD001BD720 /* data3.txt */ = {isa = PBXFileReference; fileEncoding = 4; lastKnownFileType = text; path = data3.txt; sourceTree = "<group>"; };
		9DF98E3F2AF4C10200A04BB6 /* note.md */ = {isa = PBXFileReference; lastKnownFileType = net.daringfireball.markdown; path = note.md; sourceTree = "<group>"; };
		C8E26C64A1FAD03AFB2B3634 /* Pods-CubeScene.release.xcconfig */ = {isa = PBXFileReference; includeInIndex = 1; lastKnownFileType = text.xcconfig; name = "Pods-CubeScene.release.xcconfig"; path = "Target Support Files/Pods-CubeScene/Pods-CubeScene.release.xcconfig"; sourceTree = "<group>"; };
		FC9583311015BB06733CC96D /* Pods_CubeSceneTests.framework */ = {isa = PBXFileReference; explicitFileType = wrapper.framework; includeInIndex = 0; path = Pods_CubeSceneTests.framework; sourceTree = BUILT_PRODUCTS_DIR; };
/* End PBXFileReference section */

/* Begin PBXFrameworksBuildPhase section */
		9D7D34B72AF7A86D009291BC /* Frameworks */ = {
			isa = PBXFrameworksBuildPhase;
			buildActionMask = 2147483647;
			files = (
				03D722F28240E508857A4B15 /* Pods_CubeSceneTests.framework in Frameworks */,
			);
			runOnlyForDeploymentPostprocessing = 0;
		};
		9DF920662A404BBC001BD720 /* Frameworks */ = {
			isa = PBXFrameworksBuildPhase;
			buildActionMask = 2147483647;
			files = (
				1E2F66FD96086575404A29FC /* Pods_CubeScene.framework in Frameworks */,
				5B86AD372B86427300F6A442 /* StoreKit.framework in Frameworks */,
			);
			runOnlyForDeploymentPostprocessing = 0;
		};
/* End PBXFrameworksBuildPhase section */

/* Begin PBXGroup section */
		0362FA05E34913E8D5BA371A /* Pods */ = {
			isa = PBXGroup;
			children = (
				05785C6402CF108547F932A1 /* Pods-CubeScene.debug.xcconfig */,
				C8E26C64A1FAD03AFB2B3634 /* Pods-CubeScene.release.xcconfig */,
				3415561A7E465D4890A2783D /* Pods-CubeSceneTests.debug.xcconfig */,
				1FA0E148F4F5D3351EB98892 /* Pods-CubeSceneTests.release.xcconfig */,
			);
			path = Pods;
			sourceTree = "<group>";
		};
		5177FACDBBB70601E787BD09 /* Frameworks */ = {
			isa = PBXGroup;
			children = (
				5B86AD362B86427300F6A442 /* StoreKit.framework */,
				23C86B6BC95EA5C238398272 /* Pods_CubeScene.framework */,
				FC9583311015BB06733CC96D /* Pods_CubeSceneTests.framework */,
			);
			name = Frameworks;
			sourceTree = "<group>";
		};
		9D2D85AD2A602AE400B11A7D /* Clip */ = {
			isa = PBXGroup;
			children = (
				9D2D85AE2A602AE400B11A7D /* ClipApp.swift */,
				9D2D85B02A602AE400B11A7D /* ContentView.swift */,
				9D2D85B22A602AE600B11A7D /* Assets.xcassets */,
				9D2D85B72A602AE600B11A7D /* Info.plist */,
				9D2D85B82A602AE600B11A7D /* Clip.entitlements */,
				9D2D85B42A602AE600B11A7D /* Preview Content */,
			);
			path = Clip;
			sourceTree = "<group>";
		};
		9D2D85B42A602AE600B11A7D /* Preview Content */ = {
			isa = PBXGroup;
			children = (
				9D2D85B52A602AE600B11A7D /* Preview Assets.xcassets */,
			);
			path = "Preview Content";
			sourceTree = "<group>";
		};
		9D46D72C2AF13610002DE821 /* support */ = {
			isa = PBXGroup;
			children = (
				9DDEC0CA2A614D47001A0046 /* solutionsMaped.json */,
				5BB65C472B2D705F00E97777 /* solutionsMaped6.json */,
				9DBE04FB2A57D7BC0055AE14 /* Localizable.strings */,
				9DBE04F52A57D6560055AE14 /* InfoPlist.strings */,
				9DDEC0CD2A615DFE001A0046 /* CubeSceneRelease.entitlements */,
				9DC576A92A419BF20012E272 /* Info.plist */,
				9DDEC0CE2A61753A001A0046 /* SOMA108.txt */,
				9DDEC0D12A6178DF001A0046 /* SOMAT101.txt */,
				9D6DC3E42AA168460068C807 /* SOMAY101.txt */,
				9D7E411C2AA2356A00863C43 /* SOMAW101.txt */,
				9D7E411B2AA2356A00863C43 /* SOMAX101.txt */,
				9D9448802AB43E0E0005FD11 /* SOMAC3A101.txt */,
				9DB0AAB42AC1DEAB0093A611 /* SOMAC3B101.txt */,
				9DA001852AD6390100FDACFE /* SOMAC3C101.txt */,
				9DA001862AD6390100FDACFE /* SOMAC3D101.txt */,
				9D890F9B2AD8EF3600E1EF0C /* SOMAC4A101.txt */,
				9DF9380A2A417BA4001BD720 /* data1.txt */,
				9DF9380C2A417BA4001BD720 /* data2.txt */,
				9DF938102A417BAD001BD720 /* data3.txt */,
				9D89A1B22AE37C18008C6707 /* chaizi-ft.txt */,
				9D89A1B32AE37C18008C6707 /* chaizi-gbk.txt */,
				9D89A1B62AE37C19008C6707 /* chaizi-jt.txt */,
			);
			path = support;
			sourceTree = "<group>";
		};
		9D7D34BB2AF7A86D009291BC /* CubeSceneTests */ = {
			isa = PBXGroup;
			children = (
				9D7D34BC2AF7A86D009291BC /* CubeSceneTests.swift */,
			);
			path = CubeSceneTests;
			sourceTree = "<group>";
		};
		9DF920602A404BBC001BD720 = {
			isa = PBXGroup;
			children = (
				5BCBEA402B6007B400DC03D5 /* 索玛立方体.storekit */,
				5BCBEA422B600AB700DC03D5 /* StoreKitTestCertificate.cer */,
				5B34E9B52B6D210100454D91 /* READMEDebug.md */,
				5B34E9B42B6D210100454D91 /* READMERelease.md */,
				9DF9206B2A404BBC001BD720 /* CubeScene */,
				9D2D85AD2A602AE400B11A7D /* Clip */,
				9D7D34BB2AF7A86D009291BC /* CubeSceneTests */,
				9DF9206A2A404BBC001BD720 /* Products */,
				0362FA05E34913E8D5BA371A /* Pods */,
				5177FACDBBB70601E787BD09 /* Frameworks */,
			);
			sourceTree = "<group>";
		};
		9DF9206A2A404BBC001BD720 /* Products */ = {
			isa = PBXGroup;
			children = (
				9DF920692A404BBC001BD720 /* CubeScene.app */,
				9D7D34BA2AF7A86D009291BC /* CubeSceneTests.xctest */,
			);
			name = Products;
			sourceTree = "<group>";
		};
		9DF9206B2A404BBC001BD720 /* CubeScene */ = {
			isa = PBXGroup;
			children = (
				9D46D72C2AF13610002DE821 /* support */,
				9D89A1B12AE37C18008C6707 /* ChaiZiView.swift */,
				5B99C3D22B302F5A003E37B5 /* Dictionary+Extensions.swift */,
				5BCBDB7E2B30499A004DDFD2 /* NodeRender.metal */,
				5BCBDB7D2B30499A004DDFD2 /* NodeTechnique.plist */,
				5B99C3C82B302332003E37B5 /* Origin.swift */,
				9D89A1B42AE37C19008C6707 /* CoreDataTest.xcdatamodeld */,
				9DF9206C2A404BBC001BD720 /* CubeSceneApp.swift */,
				5BCBEA482B6150BC00DC03D5 /* AppDelegate.swift */,
				5BCBEA442B60112E00DC03D5 /* CubeSceneAppClip.swift */,
				59CFCD422A6281F700E38F38 /* UserData.swift */,
				5B7C065A2B2FEA570040942C /* ToolsFunc.swift */,
				9D04123B2A516AD30083741B /* EnterListView.swift */,
				9D7D34C72AF7C3D4009291BC /* TestEnter.swift */,
				9D7D34C32AF7A88C009291BC /* PointInfo.swift */,
				9D89A1AE2AE37C0B008C6707 /* Persistence.swift */,
				5B6FE7612B2D42E30035DD0F /* cube2.scn */,
				9DDEC0C52A614716001A0046 /* EnterListView240.swift */,
				9D46D7242AF12F57002DE821 /* ScenekitSingleView2.swift */,
				9D46D7232AF12F57002DE821 /* SingleContentView2.swift */,
				9DF98E3F2AF4C10200A04BB6 /* note.md */,
				9D04123D2A516F050083741B /* SingleContentView.swift */,
				5934F66A2A65038B00AED0E9 /* ScenekitSingleView.swift */,
				5971BA8B2A50547800CD6111 /* ArrayTool3D.swift */,
				5B6948C42BE3105A00FD4ED8 /* PrivacyInfo.xcprivacy */,
				9D0412412A52881A0083741B /* SettingView.swift */,
				5B142E7E2B6559EC00708678 /* SettingViewClip.swift */,
				9DBE04EF2A56ECB70055AE14 /* ConfigView.swift */,
				9D1602B92A4BDBF100C247A7 /* LaunchScreen.storyboard */,
				5B64399B2B8B158700D2C67B /* Cube@2x.png */,
				5B64399A2B8B158700D2C67B /* Cube@3x.png */,
				9DF920702A404BBF001BD720 /* Assets.xcassets */,
				5BFFACBD2B7B570700266836 /* SomaT.xcassets */,
				9DF920722A404BBF001BD720 /* Preview Content */,
			);
			path = CubeScene;
			sourceTree = "<group>";
		};
		9DF920722A404BBF001BD720 /* Preview Content */ = {
			isa = PBXGroup;
			children = (
				9DF920732A404BBF001BD720 /* Preview Assets.xcassets */,
			);
			path = "Preview Content";
			sourceTree = "<group>";
		};
/* End PBXGroup section */

/* Begin PBXNativeTarget section */
		9D7D34B92AF7A86D009291BC /* CubeSceneTests */ = {
			isa = PBXNativeTarget;
			buildConfigurationList = 9D7D34C22AF7A86D009291BC /* Build configuration list for PBXNativeTarget "CubeSceneTests" */;
			buildPhases = (
				0BC45429C502095FD0A77D4A /* [CP] Check Pods Manifest.lock */,
				9D7D34B62AF7A86D009291BC /* Sources */,
				9D7D34B72AF7A86D009291BC /* Frameworks */,
				9D7D34B82AF7A86D009291BC /* Resources */,
			);
			buildRules = (
			);
			dependencies = (
				9D7D34BF2AF7A86D009291BC /* PBXTargetDependency */,
			);
			name = CubeSceneTests;
			productName = CubeSceneTests;
			productReference = 9D7D34BA2AF7A86D009291BC /* CubeSceneTests.xctest */;
			productType = "com.apple.product-type.bundle.unit-test";
		};
		9DF920682A404BBC001BD720 /* CubeScene */ = {
			isa = PBXNativeTarget;
			buildConfigurationList = 9DF920772A404BBF001BD720 /* Build configuration list for PBXNativeTarget "CubeScene" */;
			buildPhases = (
				87CD1406F41346F4E040A68C /* [CP] Check Pods Manifest.lock */,
				5B2FF4CE2B5B434800AC3351 /* appname */,
				5B2FF4CD2B5B412800AC3351 /* appicon */,
				9DF920652A404BBC001BD720 /* Sources */,
				9DF920662A404BBC001BD720 /* Frameworks */,
				9DF920672A404BBC001BD720 /* Resources */,
				9D2D85982A6026F300B11A7D /* Embed App Clips */,
				08AC8D61E31F544E7AAB9FDE /* [CP] Embed Pods Frameworks */,
			);
			buildRules = (
			);
			dependencies = (
			);
			name = CubeScene;
			productName = CubeScene;
			productReference = 9DF920692A404BBC001BD720 /* CubeScene.app */;
			productType = "com.apple.product-type.application";
		};
/* End PBXNativeTarget section */

/* Begin PBXProject section */
		9DF920612A404BBC001BD720 /* Project object */ = {
			isa = PBXProject;
			attributes = {
				BuildIndependentTargetsInParallel = 1;
				KnownAssetTags = (
					yourResourceTag,
				);
				LastSwiftUpdateCheck = 1420;
				LastUpgradeCheck = 1510;
				TargetAttributes = {
					9D7D34B92AF7A86D009291BC = {
						CreatedOnToolsVersion = 14.2;
						TestTargetID = 9DF920682A404BBC001BD720;
					};
					9DF920682A404BBC001BD720 = {
						CreatedOnToolsVersion = 14.2;
					};
				};
			};
			buildConfigurationList = 9DF920642A404BBC001BD720 /* Build configuration list for PBXProject "CubeScene" */;
			compatibilityVersion = "Xcode 14.0";
			developmentRegion = en;
			hasScannedForEncodings = 0;
			knownRegions = (
				en,
				Base,
				"zh-Hans",
				ja,
				"zh-Hant",
				"zh-HK",
				de,
			);
			mainGroup = 9DF920602A404BBC001BD720;
			productRefGroup = 9DF9206A2A404BBC001BD720 /* Products */;
			projectDirPath = "";
			projectRoot = "";
			targets = (
				9DF920682A404BBC001BD720 /* CubeScene */,
				9D7D34B92AF7A86D009291BC /* CubeSceneTests */,
			);
		};
/* End PBXProject section */

/* Begin PBXResourcesBuildPhase section */
		9D7D34B82AF7A86D009291BC /* Resources */ = {
			isa = PBXResourcesBuildPhase;
			buildActionMask = 2147483647;
			files = (
			);
			runOnlyForDeploymentPostprocessing = 0;
		};
		9DF920672A404BBC001BD720 /* Resources */ = {
			isa = PBXResourcesBuildPhase;
			buildActionMask = 2147483647;
			files = (
				9D89A1BF2AE37C19008C6707 /* chaizi-jt.txt in Resources */,
				5BCBEA412B6007B400DC03D5 /* 索玛立方体.storekit in Resources */,
				9DF920742A404BBF001BD720 /* Preview Assets.xcassets in Resources */,
				5B64399C2B8B158700D2C67B /* Cube@3x.png in Resources */,
				9D890F9C2AD8EF3600E1EF0C /* SOMAC4A101.txt in Resources */,
				5B6948C52BE3105A00FD4ED8 /* PrivacyInfo.xcprivacy in Resources */,
				9D7E411F2AA2356A00863C43 /* SOMAW101.txt in Resources */,
				5BCBEA432B600AB700DC03D5 /* StoreKitTestCertificate.cer in Resources */,
				9DBE04F32A57D6560055AE14 /* InfoPlist.strings in Resources */,
				5BCBDB7F2B30499A004DDFD2 /* NodeTechnique.plist in Resources */,
				9D7E411D2AA2356A00863C43 /* SOMAX101.txt in Resources */,
				9DDEC0D22A6178DF001A0046 /* SOMAT101.txt in Resources */,
				9DF938112A417BAD001BD720 /* data3.txt in Resources */,
				9DB0AAB52AC1DEAB0093A611 /* SOMAC3B101.txt in Resources */,
				9DBE04F92A57D7BC0055AE14 /* Localizable.strings in Resources */,
				9D6DC3E52AA168460068C807 /* SOMAY101.txt in Resources */,
				5B64399D2B8B158700D2C67B /* Cube@2x.png in Resources */,
				5B6FE7622B2D42E30035DD0F /* cube2.scn in Resources */,
				9D9448812AB43E0E0005FD11 /* SOMAC3A101.txt in Resources */,
				9DA001872AD6390100FDACFE /* SOMAC3C101.txt in Resources */,
				9DF9380D2A417BA4001BD720 /* data1.txt in Resources */,
				5BFFACBE2B7B570700266836 /* SomaT.xcassets in Resources */,
				9DDEC0CB2A614D47001A0046 /* solutionsMaped.json in Resources */,
				9D1602BA2A4BDBF100C247A7 /* LaunchScreen.storyboard in Resources */,
				5BB65C482B2D705F00E97777 /* solutionsMaped6.json in Resources */,
				9DA001892AD6390100FDACFE /* SOMAC3D101.txt in Resources */,
				9DDEC0CF2A61753A001A0046 /* SOMA108.txt in Resources */,
				9DF920712A404BBF001BD720 /* Assets.xcassets in Resources */,
				9D89A1BB2AE37C19008C6707 /* chaizi-gbk.txt in Resources */,
				9D89A1B92AE37C19008C6707 /* chaizi-ft.txt in Resources */,
				9DF9380F2A417BA4001BD720 /* data2.txt in Resources */,
			);
			runOnlyForDeploymentPostprocessing = 0;
		};
/* End PBXResourcesBuildPhase section */

/* Begin PBXShellScriptBuildPhase section */
		08AC8D61E31F544E7AAB9FDE /* [CP] Embed Pods Frameworks */ = {
			isa = PBXShellScriptBuildPhase;
			buildActionMask = 2147483647;
			files = (
			);
			inputFileListPaths = (
				"${PODS_ROOT}/Target Support Files/Pods-CubeScene/Pods-CubeScene-frameworks-${CONFIGURATION}-input-files.xcfilelist",
			);
			name = "[CP] Embed Pods Frameworks";
			outputFileListPaths = (
				"${PODS_ROOT}/Target Support Files/Pods-CubeScene/Pods-CubeScene-frameworks-${CONFIGURATION}-output-files.xcfilelist",
			);
			runOnlyForDeploymentPostprocessing = 0;
			shellPath = /bin/sh;
			shellScript = "\"${PODS_ROOT}/Target Support Files/Pods-CubeScene/Pods-CubeScene-frameworks.sh\"\n";
			showEnvVarsInLog = 0;
		};
		0BC45429C502095FD0A77D4A /* [CP] Check Pods Manifest.lock */ = {
			isa = PBXShellScriptBuildPhase;
			buildActionMask = 2147483647;
			files = (
			);
			inputFileListPaths = (
			);
			inputPaths = (
				"${PODS_PODFILE_DIR_PATH}/Podfile.lock",
				"${PODS_ROOT}/Manifest.lock",
			);
			name = "[CP] Check Pods Manifest.lock";
			outputFileListPaths = (
			);
			outputPaths = (
				"$(DERIVED_FILE_DIR)/Pods-CubeSceneTests-checkManifestLockResult.txt",
			);
			runOnlyForDeploymentPostprocessing = 0;
			shellPath = /bin/sh;
			shellScript = "diff \"${PODS_PODFILE_DIR_PATH}/Podfile.lock\" \"${PODS_ROOT}/Manifest.lock\" > /dev/null\nif [ $? != 0 ] ; then\n    # print error to STDERR\n    echo \"error: The sandbox is not in sync with the Podfile.lock. Run 'pod install' or update your CocoaPods installation.\" >&2\n    exit 1\nfi\n# This output is used by Xcode 'outputs' to avoid re-running this script phase.\necho \"SUCCESS\" > \"${SCRIPT_OUTPUT_FILE_0}\"\n";
			showEnvVarsInLog = 0;
		};
		5B2FF4CD2B5B412800AC3351 /* appicon */ = {
			isa = PBXShellScriptBuildPhase;
			buildActionMask = 2147483647;
			files = (
			);
			inputFileListPaths = (
			);
			inputPaths = (
			);
			name = appicon;
			outputFileListPaths = (
			);
			outputPaths = (
			);
			runOnlyForDeploymentPostprocessing = 0;
			shellPath = /bin/sh;
			shellScript = "# 根据环境变量设置 App Icon\n#exit 0\n#if [ \"${prod}\" == \"Release\" ]; then\n#    cp -r \"${SRCROOT}/CubeScene/AppIcon.release.appiconset/AppIcon1024.png\" \"${SRCROOT}/CubeScene/Assets.xcassets/AppIcon.appiconset/AppIcon1024.png\"\n#elif [ \"${prod}\" == \"Debug\" ]; then\n#    cp -r \"${SRCROOT}/CubeScene/AppIcon.debug.appiconset/AppIcon1024.png\" \"${SRCROOT}/CubeScene/Assets.xcassets/AppIcon.appiconset/AppIcon1024.png\"\n#else\n#    cp -r \"${SRCROOT}/CubeScene/AppIcon.debug.appiconset/AppIcon1024.png\" \"${SRCROOT}/CubeScene/Assets.xcassets/AppIcon.appiconset/AppIcon1024.png\"\n#fi\n";
		};
		5B2FF4CE2B5B434800AC3351 /* appname */ = {
			isa = PBXShellScriptBuildPhase;
			buildActionMask = 2147483647;
			files = (
			);
			inputFileListPaths = (
			);
			inputPaths = (
			);
			name = appname;
			outputFileListPaths = (
			);
			outputPaths = (
			);
			runOnlyForDeploymentPostprocessing = 0;
			shellPath = /bin/sh;
			shellScript = "# 定义 InfoPlist.strings 文件的路径\ninfoPlistStringsEN=\"${SRCROOT}/CubeScene/support/en.lproj/InfoPlist.strings\"\ninfoPlistStringsZH=\"${SRCROOT}/CubeScene/support/zh-Hans.lproj/InfoPlist.strings\"\ninfoPlistStringsJA=\"${SRCROOT}/CubeScene/support/ja.lproj/InfoPlist.strings\"\ninfoPlistStringsHans=\"${SRCROOT}/CubeScene/support/zh-Hant.lproj/InfoPlist.strings\"\ninfoPlistStringsHK=\"${SRCROOT}/CubeScene/support/zh-HK.lproj/InfoPlist.strings\"\ninfoPlistStringsDe=\"${SRCROOT}/CubeScene/support/de.lproj/InfoPlist.strings\"\n# 根据构建配置更新文件\nif [ \"${prod}\" == \"Debug\" ]; then\n    echo \"\\\"CFBundleDisplayName\\\" = \\\"DevSOMABox\\\";\" > $infoPlistStringsEN\n    echo \"\\\"CFBundleDisplayName\\\" = \\\"DevSOMABox\\\";\" > $infoPlistStringsJA\n    echo \"\\\"CFBundleDisplayName\\\" = \\\"Dev索玛立方体\\\";\" > $infoPlistStringsZH\n    echo \"\\\"CFBundleDisplayName\\\" = \\\"Dev索馬立方體\\\";\" > $infoPlistStringsHans\n    echo \"\\\"CFBundleDisplayName\\\" = \\\"Dev索馬立方體\\\";\" > $infoPlistStringsHK\n    echo \"\\\"CFBundleDisplayName\\\" = \\\"Dev索馬立方體\\\";\" > $infoPlistStringsDe\n    \nelif [ \"${prod}\" == \"Release\" ]; then\n    echo \"\\\"CFBundleDisplayName\\\" = \\\"SOMABox\\\";\" > $infoPlistStringsEN\n    echo \"\\\"CFBundleDisplayName\\\" = \\\"SOMABox\\\";\" > $infoPlistStringsJA\n    echo \"\\\"CFBundleDisplayName\\\" = \\\"索玛立方体\\\";\" > $infoPlistStringsZH\n    echo \"\\\"CFBundleDisplayName\\\" = \\\"索馬立方體\\\";\" > $infoPlistStringsHans\n    echo \"\\\"CFBundleDisplayName\\\" = \\\"索馬立方體\\\";\" > $infoPlistStringsHK\n    echo \"\\\"CFBundleDisplayName\\\" = \\\"SOMABox\\\";\" > $infoPlistStringsDe\nelse\n    echo \"Unknown configuration: ${CONFIGURATION}\"\nfi\n";
		};
		87CD1406F41346F4E040A68C /* [CP] Check Pods Manifest.lock */ = {
			isa = PBXShellScriptBuildPhase;
			buildActionMask = 2147483647;
			files = (
			);
			inputFileListPaths = (
			);
			inputPaths = (
				"${PODS_PODFILE_DIR_PATH}/Podfile.lock",
				"${PODS_ROOT}/Manifest.lock",
			);
			name = "[CP] Check Pods Manifest.lock";
			outputFileListPaths = (
			);
			outputPaths = (
				"$(DERIVED_FILE_DIR)/Pods-CubeScene-checkManifestLockResult.txt",
			);
			runOnlyForDeploymentPostprocessing = 0;
			shellPath = /bin/sh;
			shellScript = "diff \"${PODS_PODFILE_DIR_PATH}/Podfile.lock\" \"${PODS_ROOT}/Manifest.lock\" > /dev/null\nif [ $? != 0 ] ; then\n    # print error to STDERR\n    echo \"error: The sandbox is not in sync with the Podfile.lock. Run 'pod install' or update your CocoaPods installation.\" >&2\n    exit 1\nfi\n# This output is used by Xcode 'outputs' to avoid re-running this script phase.\necho \"SUCCESS\" > \"${SCRIPT_OUTPUT_FILE_0}\"\n";
			showEnvVarsInLog = 0;
		};
/* End PBXShellScriptBuildPhase section */

/* Begin PBXSourcesBuildPhase section */
		9D7D34B62AF7A86D009291BC /* Sources */ = {
			isa = PBXSourcesBuildPhase;
			buildActionMask = 2147483647;
			files = (
				9D7D34C52AF7A8D4009291BC /* PointInfo.swift in Sources */,
				9D7D34BD2AF7A86D009291BC /* CubeSceneTests.swift in Sources */,
			);
			runOnlyForDeploymentPostprocessing = 0;
		};
		9DF920652A404BBC001BD720 /* Sources */ = {
			isa = PBXSourcesBuildPhase;
			buildActionMask = 2147483647;
			files = (
				9D89A1AF2AE37C0B008C6707 /* Persistence.swift in Sources */,
				9D46D7252AF12F57002DE821 /* SingleContentView2.swift in Sources */,
				9D46D7272AF12F57002DE821 /* ScenekitSingleView2.swift in Sources */,
				9D89A1BD2AE37C19008C6707 /* CoreDataTest.xcdatamodeld in Sources */,
				5971BA8C2A50547800CD6111 /* ArrayTool3D.swift in Sources */,
				5B99C3C92B302332003E37B5 /* Origin.swift in Sources */,
				9D7D34C42AF7A88C009291BC /* PointInfo.swift in Sources */,
				5B99C3D52B302F5A003E37B5 /* Dictionary+Extensions.swift in Sources */,
				9DBE04F02A56ECB70055AE14 /* ConfigView.swift in Sources */,
				5934F66B2A65038B00AED0E9 /* ScenekitSingleView.swift in Sources */,
				9D7D34C82AF7C3D4009291BC /* TestEnter.swift in Sources */,
				9D04123E2A516F050083741B /* SingleContentView.swift in Sources */,
				59CFCD432A6281F700E38F38 /* UserData.swift in Sources */,
				5B7C065B2B2FEA570040942C /* ToolsFunc.swift in Sources */,
				5BCBDB812B30499A004DDFD2 /* NodeRender.metal in Sources */,
				9DDEC0C62A614716001A0046 /* EnterListView240.swift in Sources */,
				9D0412432A52881A0083741B /* SettingView.swift in Sources */,
				9DF9206D2A404BBC001BD720 /* CubeSceneApp.swift in Sources */,
				5BCBEA492B6150BC00DC03D5 /* AppDelegate.swift in Sources */,
				9D89A1B72AE37C19008C6707 /* ChaiZiView.swift in Sources */,
				9D04123C2A516AD30083741B /* EnterListView.swift in Sources */,
			);
			runOnlyForDeploymentPostprocessing = 0;
		};
/* End PBXSourcesBuildPhase section */

/* Begin PBXTargetDependency section */
		9D7D34BF2AF7A86D009291BC /* PBXTargetDependency */ = {
			isa = PBXTargetDependency;
			target = 9DF920682A404BBC001BD720 /* CubeScene */;
			targetProxy = 9D7D34BE2AF7A86D009291BC /* PBXContainerItemProxy */;
		};
/* End PBXTargetDependency section */

/* Begin PBXVariantGroup section */
		9DBE04F52A57D6560055AE14 /* InfoPlist.strings */ = {
			isa = PBXVariantGroup;
			children = (
				9DBE04F42A57D6560055AE14 /* en */,
				9DBE04F62A57D65A0055AE14 /* zh-Hans */,
				5B18D2422B6897A6004AAF62 /* ja */,
				5BC3F1372B726D060049ABA3 /* zh-Hant */,
				5BC3F1392B726EC30049ABA3 /* zh-HK */,
				5BC3F13B2B726F980049ABA3 /* de */,
			);
			name = InfoPlist.strings;
			sourceTree = "<group>";
		};
		9DBE04FB2A57D7BC0055AE14 /* Localizable.strings */ = {
			isa = PBXVariantGroup;
			children = (
				9DBE04FA2A57D7BC0055AE14 /* en */,
				9DBE04FC2A57D7C10055AE14 /* zh-Hans */,
				5B18D2412B6897A6004AAF62 /* ja */,
				5BC3F1362B726D060049ABA3 /* zh-Hant */,
				5BC3F1382B726EC30049ABA3 /* zh-HK */,
				5BC3F13A2B726F980049ABA3 /* de */,
			);
			name = Localizable.strings;
			sourceTree = "<group>";
		};
/* End PBXVariantGroup section */

/* Begin XCBuildConfiguration section */
		9D7D34C02AF7A86D009291BC /* Debug */ = {
			isa = XCBuildConfiguration;
			baseConfigurationReference = 3415561A7E465D4890A2783D /* Pods-CubeSceneTests.debug.xcconfig */;
			buildSettings = {
				BUNDLE_LOADER = "$(TEST_HOST)";
				CODE_SIGN_STYLE = Automatic;
				CURRENT_PROJECT_VERSION = 1;
				DEVELOPMENT_TEAM = AJG2826637;
				GENERATE_INFOPLIST_FILE = YES;
				MARKETING_VERSION = 1.0;
				PRODUCT_BUNDLE_IDENTIFIER = com.yanguo.CubeSceneTests;
				PRODUCT_NAME = "$(TARGET_NAME)";
				SWIFT_EMIT_LOC_STRINGS = NO;
				SWIFT_VERSION = 5.0;
				TARGETED_DEVICE_FAMILY = "1,2";
				TEST_HOST = "$(BUILT_PRODUCTS_DIR)/CubeScene.app/$(BUNDLE_EXECUTABLE_FOLDER_PATH)/CubeScene";
			};
			name = Debug;
		};
		9D7D34C12AF7A86D009291BC /* Release */ = {
			isa = XCBuildConfiguration;
			baseConfigurationReference = 1FA0E148F4F5D3351EB98892 /* Pods-CubeSceneTests.release.xcconfig */;
			buildSettings = {
				BUNDLE_LOADER = "$(TEST_HOST)";
				CODE_SIGN_STYLE = Automatic;
				CURRENT_PROJECT_VERSION = 1;
				DEVELOPMENT_TEAM = AJG2826637;
				GENERATE_INFOPLIST_FILE = YES;
				MARKETING_VERSION = 1.0;
				PRODUCT_BUNDLE_IDENTIFIER = com.yanguo.CubeSceneTests;
				PRODUCT_NAME = "$(TARGET_NAME)";
				SWIFT_EMIT_LOC_STRINGS = NO;
				SWIFT_VERSION = 5.0;
				TARGETED_DEVICE_FAMILY = "1,2";
				TEST_HOST = "$(BUILT_PRODUCTS_DIR)/CubeScene.app/$(BUNDLE_EXECUTABLE_FOLDER_PATH)/CubeScene";
			};
			name = Release;
		};
		9DF920752A404BBF001BD720 /* Debug */ = {
			isa = XCBuildConfiguration;
			buildSettings = {
				ALWAYS_SEARCH_USER_PATHS = NO;
				ASSETCATALOG_COMPILER_GENERATE_SWIFT_ASSET_SYMBOL_EXTENSIONS = YES;
				CLANG_ANALYZER_LOCALIZABILITY_NONLOCALIZED = YES;
				CLANG_ANALYZER_NONNULL = YES;
				CLANG_ANALYZER_NUMBER_OBJECT_CONVERSION = YES_AGGRESSIVE;
				CLANG_CXX_LANGUAGE_STANDARD = "gnu++20";
				CLANG_ENABLE_MODULES = YES;
				CLANG_ENABLE_OBJC_ARC = YES;
				CLANG_ENABLE_OBJC_WEAK = YES;
				CLANG_WARN_BLOCK_CAPTURE_AUTORELEASING = YES;
				CLANG_WARN_BOOL_CONVERSION = YES;
				CLANG_WARN_COMMA = YES;
				CLANG_WARN_CONSTANT_CONVERSION = YES;
				CLANG_WARN_DEPRECATED_OBJC_IMPLEMENTATIONS = NO;
				CLANG_WARN_DIRECT_OBJC_ISA_USAGE = YES_ERROR;
				CLANG_WARN_DOCUMENTATION_COMMENTS = YES;
				CLANG_WARN_EMPTY_BODY = YES;
				CLANG_WARN_ENUM_CONVERSION = YES;
				CLANG_WARN_INFINITE_RECURSION = YES;
				CLANG_WARN_INT_CONVERSION = YES;
				CLANG_WARN_NON_LITERAL_NULL_CONVERSION = YES;
				CLANG_WARN_OBJC_IMPLICIT_RETAIN_SELF = YES;
				CLANG_WARN_OBJC_LITERAL_CONVERSION = YES;
				CLANG_WARN_OBJC_ROOT_CLASS = YES_ERROR;
				CLANG_WARN_QUOTED_INCLUDE_IN_FRAMEWORK_HEADER = YES;
				CLANG_WARN_RANGE_LOOP_ANALYSIS = YES;
				CLANG_WARN_STRICT_PROTOTYPES = YES;
				CLANG_WARN_SUSPICIOUS_MOVE = YES;
				CLANG_WARN_UNGUARDED_AVAILABILITY = YES_AGGRESSIVE;
				CLANG_WARN_UNREACHABLE_CODE = YES;
				CLANG_WARN__DUPLICATE_METHOD_MATCH = YES;
				COPY_PHASE_STRIP = NO;
				DEBUG_INFORMATION_FORMAT = dwarf;
				ENABLE_STRICT_OBJC_MSGSEND = YES;
				ENABLE_TESTABILITY = YES;
				ENABLE_USER_SCRIPT_SANDBOXING = YES;
				GCC_C_LANGUAGE_STANDARD = gnu11;
				GCC_DYNAMIC_NO_PIC = NO;
				GCC_NO_COMMON_BLOCKS = YES;
				GCC_OPTIMIZATION_LEVEL = 0;
				GCC_PREPROCESSOR_DEFINITIONS = (
					"DEBUG=1",
					"$(inherited)",
				);
				GCC_WARN_64_TO_32_BIT_CONVERSION = YES;
				GCC_WARN_ABOUT_DEPRECATED_FUNCTIONS = NO;
				GCC_WARN_ABOUT_RETURN_TYPE = YES_ERROR;
				GCC_WARN_UNDECLARED_SELECTOR = YES;
				GCC_WARN_UNINITIALIZED_AUTOS = YES_AGGRESSIVE;
				GCC_WARN_UNUSED_FUNCTION = YES;
				GCC_WARN_UNUSED_VARIABLE = YES;
				IPHONEOS_DEPLOYMENT_TARGET = 16.2;
				MTL_ENABLE_DEBUG_INFO = INCLUDE_SOURCE;
				MTL_FAST_MATH = YES;
				ONLY_ACTIVE_ARCH = YES;
				SDKROOT = iphoneos;
				SWIFT_ACTIVE_COMPILATION_CONDITIONS = DEBUG;
				SWIFT_OPTIMIZATION_LEVEL = "-Onone";
			};
			name = Debug;
		};
		9DF920762A404BBF001BD720 /* Release */ = {
			isa = XCBuildConfiguration;
			buildSettings = {
				ALWAYS_SEARCH_USER_PATHS = NO;
				ASSETCATALOG_COMPILER_GENERATE_SWIFT_ASSET_SYMBOL_EXTENSIONS = YES;
				CLANG_ANALYZER_LOCALIZABILITY_NONLOCALIZED = YES;
				CLANG_ANALYZER_NONNULL = YES;
				CLANG_ANALYZER_NUMBER_OBJECT_CONVERSION = YES_AGGRESSIVE;
				CLANG_CXX_LANGUAGE_STANDARD = "gnu++20";
				CLANG_ENABLE_MODULES = YES;
				CLANG_ENABLE_OBJC_ARC = YES;
				CLANG_ENABLE_OBJC_WEAK = YES;
				CLANG_WARN_BLOCK_CAPTURE_AUTORELEASING = YES;
				CLANG_WARN_BOOL_CONVERSION = YES;
				CLANG_WARN_COMMA = YES;
				CLANG_WARN_CONSTANT_CONVERSION = YES;
				CLANG_WARN_DEPRECATED_OBJC_IMPLEMENTATIONS = NO;
				CLANG_WARN_DIRECT_OBJC_ISA_USAGE = YES_ERROR;
				CLANG_WARN_DOCUMENTATION_COMMENTS = YES;
				CLANG_WARN_EMPTY_BODY = YES;
				CLANG_WARN_ENUM_CONVERSION = YES;
				CLANG_WARN_INFINITE_RECURSION = YES;
				CLANG_WARN_INT_CONVERSION = YES;
				CLANG_WARN_NON_LITERAL_NULL_CONVERSION = YES;
				CLANG_WARN_OBJC_IMPLICIT_RETAIN_SELF = YES;
				CLANG_WARN_OBJC_LITERAL_CONVERSION = YES;
				CLANG_WARN_OBJC_ROOT_CLASS = YES_ERROR;
				CLANG_WARN_QUOTED_INCLUDE_IN_FRAMEWORK_HEADER = YES;
				CLANG_WARN_RANGE_LOOP_ANALYSIS = YES;
				CLANG_WARN_STRICT_PROTOTYPES = YES;
				CLANG_WARN_SUSPICIOUS_MOVE = YES;
				CLANG_WARN_UNGUARDED_AVAILABILITY = YES_AGGRESSIVE;
				CLANG_WARN_UNREACHABLE_CODE = YES;
				CLANG_WARN__DUPLICATE_METHOD_MATCH = YES;
				COPY_PHASE_STRIP = NO;
				DEBUG_INFORMATION_FORMAT = "dwarf-with-dsym";
				ENABLE_NS_ASSERTIONS = NO;
				ENABLE_STRICT_OBJC_MSGSEND = YES;
				ENABLE_USER_SCRIPT_SANDBOXING = YES;
				GCC_C_LANGUAGE_STANDARD = gnu11;
				GCC_NO_COMMON_BLOCKS = YES;
				GCC_WARN_64_TO_32_BIT_CONVERSION = YES;
				GCC_WARN_ABOUT_DEPRECATED_FUNCTIONS = NO;
				GCC_WARN_ABOUT_RETURN_TYPE = YES_ERROR;
				GCC_WARN_UNDECLARED_SELECTOR = YES;
				GCC_WARN_UNINITIALIZED_AUTOS = YES_AGGRESSIVE;
				GCC_WARN_UNUSED_FUNCTION = YES;
				GCC_WARN_UNUSED_VARIABLE = YES;
				IPHONEOS_DEPLOYMENT_TARGET = 16.2;
				MTL_ENABLE_DEBUG_INFO = NO;
				MTL_FAST_MATH = YES;
				SDKROOT = iphoneos;
				SWIFT_COMPILATION_MODE = wholemodule;
				SWIFT_OPTIMIZATION_LEVEL = "-O";
				VALIDATE_PRODUCT = YES;
			};
			name = Release;
		};
		9DF920782A404BBF001BD720 /* Debug */ = {
			isa = XCBuildConfiguration;
			baseConfigurationReference = 05785C6402CF108547F932A1 /* Pods-CubeScene.debug.xcconfig */;
			buildSettings = {
				ALWAYS_EMBED_SWIFT_STANDARD_LIBRARIES = YES;
				ASSETCATALOG_COMPILER_ALTERNATE_APPICON_NAMES = "AppIcon AppIcon1 AppIcon2";
				ASSETCATALOG_COMPILER_APPICON_NAME = AppIcon;
				ASSETCATALOG_COMPILER_GLOBAL_ACCENT_COLOR_NAME = AccentColor;
				ASSETCATALOG_COMPILER_INCLUDE_ALL_APPICON_ASSETS = YES;
				CODE_SIGN_STYLE = Automatic;
				CURRENT_PROJECT_VERSION = 1;
				DEVELOPMENT_ASSET_PATHS = "\"CubeScene/Preview Content\"";
				DEVELOPMENT_TEAM = AJG2826637;
				ENABLE_PREVIEWS = YES;
				ENABLE_USER_SCRIPT_SANDBOXING = NO;
				GENERATE_INFOPLIST_FILE = YES;
				INFOPLIST_FILE = CubeScene/support/Info.plist;
				INFOPLIST_KEY_CFBundleDisplayName = "索玛立方体";
				INFOPLIST_KEY_LSApplicationCategoryType = "public.app-category.utilities";
				INFOPLIST_KEY_NSPhotoLibraryAddUsageDescription = "为了保存截图到相册";
				INFOPLIST_KEY_UIApplicationSceneManifest_Generation = YES;
				INFOPLIST_KEY_UIApplicationSupportsIndirectInputEvents = YES;
				INFOPLIST_KEY_UILaunchStoryboardName = LaunchScreen;
				INFOPLIST_KEY_UISupportedInterfaceOrientations = UIInterfaceOrientationPortrait;
				INFOPLIST_KEY_UISupportedInterfaceOrientations_iPad = "UIInterfaceOrientationLandscapeLeft UIInterfaceOrientationLandscapeRight UIInterfaceOrientationPortrait UIInterfaceOrientationPortraitUpsideDown";
				IPHONEOS_DEPLOYMENT_TARGET = 15.0;
				LD_RUNPATH_SEARCH_PATHS = (
					"$(inherited)",
					"@executable_path/Frameworks",
				);
				MARKETING_VERSION = 4.0.4;
				OTHER_CFLAGS = "-Wno-deprecated-declarations";
				PRODUCT_BUNDLE_IDENTIFIER = com.Lvmama.CubeScene;
				PRODUCT_NAME = "$(TARGET_NAME)";
				SWIFT_EMIT_LOC_STRINGS = YES;
				SWIFT_VERSION = 5.0;
				TARGETED_DEVICE_FAMILY = "1,2";
			};
			name = Debug;
		};
		9DF920792A404BBF001BD720 /* Release */ = {
			isa = XCBuildConfiguration;
			baseConfigurationReference = C8E26C64A1FAD03AFB2B3634 /* Pods-CubeScene.release.xcconfig */;
			buildSettings = {
				ALWAYS_EMBED_SWIFT_STANDARD_LIBRARIES = YES;
				ASSETCATALOG_COMPILER_ALTERNATE_APPICON_NAMES = "AppIcon AppIcon1 AppIcon2";
				ASSETCATALOG_COMPILER_APPICON_NAME = AppIcon;
				ASSETCATALOG_COMPILER_GLOBAL_ACCENT_COLOR_NAME = AccentColor;
				ASSETCATALOG_COMPILER_INCLUDE_ALL_APPICON_ASSETS = YES;
				CODE_SIGN_ENTITLEMENTS = CubeScene/support/CubeSceneRelease.entitlements;
				CODE_SIGN_IDENTITY = "Apple Distribution";
				"CODE_SIGN_IDENTITY[sdk=iphoneos*]" = "iPhone Distribution";
				CODE_SIGN_STYLE = Manual;
				CURRENT_PROJECT_VERSION = 1;
				DEVELOPMENT_ASSET_PATHS = "\"CubeScene/Preview Content\"";
				DEVELOPMENT_TEAM = "";
				"DEVELOPMENT_TEAM[sdk=iphoneos*]" = AJG2826637;
				ENABLE_PREVIEWS = YES;
				ENABLE_USER_SCRIPT_SANDBOXING = NO;
				GENERATE_INFOPLIST_FILE = YES;
				INFOPLIST_FILE = CubeScene/support/Info.plist;
				INFOPLIST_KEY_CFBundleDisplayName = "索玛立方体";
				INFOPLIST_KEY_LSApplicationCategoryType = "public.app-category.utilities";
				INFOPLIST_KEY_NSPhotoLibraryAddUsageDescription = "为了保存截图到相册";
				INFOPLIST_KEY_UIApplicationSceneManifest_Generation = YES;
				INFOPLIST_KEY_UIApplicationSupportsIndirectInputEvents = YES;
				INFOPLIST_KEY_UILaunchStoryboardName = LaunchScreen;
				INFOPLIST_KEY_UISupportedInterfaceOrientations = UIInterfaceOrientationPortrait;
				INFOPLIST_KEY_UISupportedInterfaceOrientations_iPad = "UIInterfaceOrientationLandscapeLeft UIInterfaceOrientationLandscapeRight UIInterfaceOrientationPortrait UIInterfaceOrientationPortraitUpsideDown";
				IPHONEOS_DEPLOYMENT_TARGET = 15.0;
				LD_RUNPATH_SEARCH_PATHS = (
					"$(inherited)",
					"@executable_path/Frameworks",
				);
				MARKETING_VERSION = 4.0.4;
				OTHER_CFLAGS = "-Wno-deprecated-declarations";
				PRODUCT_BUNDLE_IDENTIFIER = com.Lvmama.CubeScene;
				PRODUCT_NAME = "$(TARGET_NAME)";
				PROVISIONING_PROFILE_SPECIFIER = "";
				"PROVISIONING_PROFILE_SPECIFIER[sdk=iphoneos*]" = "app cube";
				SWIFT_EMIT_LOC_STRINGS = YES;
				SWIFT_VERSION = 5.0;
				TARGETED_DEVICE_FAMILY = "1,2";
			};
			name = Release;
		};
/* End XCBuildConfiguration section */

/* Begin XCConfigurationList section */
		9D7D34C22AF7A86D009291BC /* Build configuration list for PBXNativeTarget "CubeSceneTests" */ = {
			isa = XCConfigurationList;
			buildConfigurations = (
				9D7D34C02AF7A86D009291BC /* Debug */,
				9D7D34C12AF7A86D009291BC /* Release */,
			);
			defaultConfigurationIsVisible = 0;
			defaultConfigurationName = Release;
		};
		9DF920642A404BBC001BD720 /* Build configuration list for PBXProject "CubeScene" */ = {
			isa = XCConfigurationList;
			buildConfigurations = (
				9DF920752A404BBF001BD720 /* Debug */,
				9DF920762A404BBF001BD720 /* Release */,
			);
			defaultConfigurationIsVisible = 0;
			defaultConfigurationName = Release;
		};
		9DF920772A404BBF001BD720 /* Build configuration list for PBXNativeTarget "CubeScene" */ = {
			isa = XCConfigurationList;
			buildConfigurations = (
				9DF920782A404BBF001BD720 /* Debug */,
				9DF920792A404BBF001BD720 /* Release */,
			);
			defaultConfigurationIsVisible = 0;
			defaultConfigurationName = Release;
		};
/* End XCConfigurationList section */

/* Begin XCVersionGroup section */
		9D89A1B42AE37C19008C6707 /* CoreDataTest.xcdatamodeld */ = {
			isa = XCVersionGroup;
			children = (
				9D89A1B52AE37C19008C6707 /* CoreDataTest.xcdatamodel */,
			);
			currentVersion = 9D89A1B52AE37C19008C6707 /* CoreDataTest.xcdatamodel */;
			path = CoreDataTest.xcdatamodeld;
			sourceTree = "<group>";
			versionGroupType = wrapper.xcdatamodel;
		};
/* End XCVersionGroup section */
	};
	rootObject = 9DF920612A404BBC001BD720 /* Project object */;
}
